// !$*UTF8*$!
{
	archiveVersion = 1;
	classes = {
	};
	objectVersion = 50;
	objects = {

/* Begin PBXBuildFile section */
		762D916D24BB5421005DA60B /* PreviewViewController.swift in Sources */ = {isa = PBXBuildFile; fileRef = 762D916C24BB5421005DA60B /* PreviewViewController.swift */; };
		762D916F24BB542D005DA60B /* Preview.storyboard in Resources */ = {isa = PBXBuildFile; fileRef = 762D916E24BB542D005DA60B /* Preview.storyboard */; };
		764110C124B8E43D000ADAA6 /* Scan.swift in Sources */ = {isa = PBXBuildFile; fileRef = 764110C024B8E43D000ADAA6 /* Scan.swift */; };
		7647C5E224B4EB6500691856 /* AppDelegate.swift in Sources */ = {isa = PBXBuildFile; fileRef = 7647C5E124B4EB6500691856 /* AppDelegate.swift */; };
		7647C5E424B4EB6500691856 /* SceneDelegate.swift in Sources */ = {isa = PBXBuildFile; fileRef = 7647C5E324B4EB6500691856 /* SceneDelegate.swift */; };
		7647C5E624B4EB6500691856 /* ScansViewController.swift in Sources */ = {isa = PBXBuildFile; fileRef = 7647C5E524B4EB6500691856 /* ScansViewController.swift */; };
		7647C5EB24B4EB6A00691856 /* Assets.xcassets in Resources */ = {isa = PBXBuildFile; fileRef = 7647C5EA24B4EB6A00691856 /* Assets.xcassets */; };
		7647C5EE24B4EB6A00691856 /* LaunchScreen.storyboard in Resources */ = {isa = PBXBuildFile; fileRef = 7647C5EC24B4EB6A00691856 /* LaunchScreen.storyboard */; };
		7647C5F624B4EDCC00691856 /* ImagePicker.swift in Sources */ = {isa = PBXBuildFile; fileRef = 7647C5F524B4EDCC00691856 /* ImagePicker.swift */; };
		764DAA7524B9C92100E153E3 /* Profile.storyboard in Resources */ = {isa = PBXBuildFile; fileRef = 764DAA7424B9C92100E153E3 /* Profile.storyboard */; };
		764DAA7724B9C92C00E153E3 /* ProfileViewController.swift in Sources */ = {isa = PBXBuildFile; fileRef = 764DAA7624B9C92C00E153E3 /* ProfileViewController.swift */; };
		764DAA7C24B9CBC800E153E3 /* Scans.storyboard in Resources */ = {isa = PBXBuildFile; fileRef = 764DAA7B24B9CBC800E153E3 /* Scans.storyboard */; };
		764DAA7E24B9CC0000E153E3 /* DocumentsViewController.swift in Sources */ = {isa = PBXBuildFile; fileRef = 764DAA7D24B9CC0000E153E3 /* DocumentsViewController.swift */; };
		764DAA8024B9CCE000E153E3 /* Document.swift in Sources */ = {isa = PBXBuildFile; fileRef = 764DAA7F24B9CCE000E153E3 /* Document.swift */; };
		764DAA8424B9CD2C00E153E3 /* DocumentTableViewCell.swift in Sources */ = {isa = PBXBuildFile; fileRef = 764DAA8224B9CD2C00E153E3 /* DocumentTableViewCell.swift */; };
		764DAA8524B9CD2C00E153E3 /* DocumentTableViewCell.xib in Resources */ = {isa = PBXBuildFile; fileRef = 764DAA8324B9CD2C00E153E3 /* DocumentTableViewCell.xib */; };
		764DAA8724B9CD4600E153E3 /* UITableView+RegisterCell.swift in Sources */ = {isa = PBXBuildFile; fileRef = 764DAA8624B9CD4600E153E3 /* UITableView+RegisterCell.swift */; };
		766D471A24B5BC8E00CC87CA /* OCRResultViewController.swift in Sources */ = {isa = PBXBuildFile; fileRef = 766D471924B5BC8E00CC87CA /* OCRResultViewController.swift */; };
		766D471C24B5C86400CC87CA /* ProgressView.swift in Sources */ = {isa = PBXBuildFile; fileRef = 766D471B24B5C86400CC87CA /* ProgressView.swift */; };
		7688F6FC24B528730092E867 /* VisionReader.swift in Sources */ = {isa = PBXBuildFile; fileRef = 7688F6FB24B528730092E867 /* VisionReader.swift */; };
		76BF77BD24B87FB4002D1426 /* CaptureViewController.swift in Sources */ = {isa = PBXBuildFile; fileRef = 76BF77BC24B87FB4002D1426 /* CaptureViewController.swift */; };
		76BF77BF24B88064002D1426 /* CaptureViewController.storyboard in Resources */ = {isa = PBXBuildFile; fileRef = 76BF77BE24B88064002D1426 /* CaptureViewController.storyboard */; };
		76BF77C124B88E16002D1426 /* CaptureManager.swift in Sources */ = {isa = PBXBuildFile; fileRef = 76BF77C024B88E16002D1426 /* CaptureManager.swift */; };
		76BF77C324B88E50002D1426 /* ImageProcessor.swift in Sources */ = {isa = PBXBuildFile; fileRef = 76BF77C224B88E50002D1426 /* ImageProcessor.swift */; };
		76BF77C624B89AAB002D1426 /* OCRViewController.swift in Sources */ = {isa = PBXBuildFile; fileRef = 76BF77C524B89AAB002D1426 /* OCRViewController.swift */; };
		76BF77C824B89B5C002D1426 /* OCRViewController.storyboard in Resources */ = {isa = PBXBuildFile; fileRef = 76BF77C724B89B5C002D1426 /* OCRViewController.storyboard */; };
		76C3294424B7954200A98FF5 /* OCRResultViewController.storyboard in Resources */ = {isa = PBXBuildFile; fileRef = 76C3294324B7954200A98FF5 /* OCRResultViewController.storyboard */; };
		76C3294624B85D7600A98FF5 /* Documents.storyboard in Resources */ = {isa = PBXBuildFile; fileRef = 76C3294524B85D7600A98FF5 /* Documents.storyboard */; };
		76C3294924B85DE100A98FF5 /* ScanCollectionViewCell.swift in Sources */ = {isa = PBXBuildFile; fileRef = 76C3294724B85DE100A98FF5 /* ScanCollectionViewCell.swift */; };
		76C3294A24B85DE100A98FF5 /* ScanCollectionViewCell.xib in Resources */ = {isa = PBXBuildFile; fileRef = 76C3294824B85DE100A98FF5 /* ScanCollectionViewCell.xib */; };
		76C3294E24B85EF500A98FF5 /* UICollectionView+RegisterCell.swift in Sources */ = {isa = PBXBuildFile; fileRef = 76C3294D24B85EF500A98FF5 /* UICollectionView+RegisterCell.swift */; };
		76DFFA6924B8DF36009E3630 /* PreviewView.swift in Sources */ = {isa = PBXBuildFile; fileRef = 76DFFA6824B8DF36009E3630 /* PreviewView.swift */; };
		76FF910224B9097D00F39A01 /* TabBarController.swift in Sources */ = {isa = PBXBuildFile; fileRef = 76FF910124B9097D00F39A01 /* TabBarController.swift */; };
		76FF910424B909AB00F39A01 /* TabBar.storyboard in Resources */ = {isa = PBXBuildFile; fileRef = 76FF910324B909AB00F39A01 /* TabBar.storyboard */; };
/* End PBXBuildFile section */

/* Begin PBXFileReference section */
		762D916C24BB5421005DA60B /* PreviewViewController.swift */ = {isa = PBXFileReference; lastKnownFileType = sourcecode.swift; path = PreviewViewController.swift; sourceTree = "<group>"; };
		762D916E24BB542D005DA60B /* Preview.storyboard */ = {isa = PBXFileReference; lastKnownFileType = file.storyboard; path = Preview.storyboard; sourceTree = "<group>"; };
		764110C024B8E43D000ADAA6 /* Scan.swift */ = {isa = PBXFileReference; lastKnownFileType = sourcecode.swift; path = Scan.swift; sourceTree = "<group>"; };
		7647C5DE24B4EB6500691856 /* ADoc.AI.app */ = {isa = PBXFileReference; explicitFileType = wrapper.application; includeInIndex = 0; path = ADoc.AI.app; sourceTree = BUILT_PRODUCTS_DIR; };
		7647C5E124B4EB6500691856 /* AppDelegate.swift */ = {isa = PBXFileReference; lastKnownFileType = sourcecode.swift; path = AppDelegate.swift; sourceTree = "<group>"; };
		7647C5E324B4EB6500691856 /* SceneDelegate.swift */ = {isa = PBXFileReference; lastKnownFileType = sourcecode.swift; path = SceneDelegate.swift; sourceTree = "<group>"; };
		7647C5E524B4EB6500691856 /* ScansViewController.swift */ = {isa = PBXFileReference; lastKnownFileType = sourcecode.swift; path = ScansViewController.swift; sourceTree = "<group>"; };
		7647C5EA24B4EB6A00691856 /* Assets.xcassets */ = {isa = PBXFileReference; lastKnownFileType = folder.assetcatalog; path = Assets.xcassets; sourceTree = "<group>"; };
		7647C5ED24B4EB6A00691856 /* Base */ = {isa = PBXFileReference; lastKnownFileType = file.storyboard; name = Base; path = Base.lproj/LaunchScreen.storyboard; sourceTree = "<group>"; };
		7647C5EF24B4EB6A00691856 /* Info.plist */ = {isa = PBXFileReference; lastKnownFileType = text.plist.xml; path = Info.plist; sourceTree = "<group>"; };
		7647C5F524B4EDCC00691856 /* ImagePicker.swift */ = {isa = PBXFileReference; lastKnownFileType = sourcecode.swift; path = ImagePicker.swift; sourceTree = "<group>"; };
		764DAA7424B9C92100E153E3 /* Profile.storyboard */ = {isa = PBXFileReference; lastKnownFileType = file.storyboard; path = Profile.storyboard; sourceTree = "<group>"; };
		764DAA7624B9C92C00E153E3 /* ProfileViewController.swift */ = {isa = PBXFileReference; lastKnownFileType = sourcecode.swift; path = ProfileViewController.swift; sourceTree = "<group>"; };
		764DAA7B24B9CBC800E153E3 /* Scans.storyboard */ = {isa = PBXFileReference; fileEncoding = 4; lastKnownFileType = file.storyboard; name = Scans.storyboard; path = AnyDoc/Modules/Documents/Scans.storyboard; sourceTree = SOURCE_ROOT; };
		764DAA7D24B9CC0000E153E3 /* DocumentsViewController.swift */ = {isa = PBXFileReference; lastKnownFileType = sourcecode.swift; path = DocumentsViewController.swift; sourceTree = "<group>"; };
		764DAA7F24B9CCE000E153E3 /* Document.swift */ = {isa = PBXFileReference; lastKnownFileType = sourcecode.swift; path = Document.swift; sourceTree = "<group>"; };
		764DAA8224B9CD2C00E153E3 /* DocumentTableViewCell.swift */ = {isa = PBXFileReference; lastKnownFileType = sourcecode.swift; path = DocumentTableViewCell.swift; sourceTree = "<group>"; };
		764DAA8324B9CD2C00E153E3 /* DocumentTableViewCell.xib */ = {isa = PBXFileReference; lastKnownFileType = file.xib; path = DocumentTableViewCell.xib; sourceTree = "<group>"; };
		764DAA8624B9CD4600E153E3 /* UITableView+RegisterCell.swift */ = {isa = PBXFileReference; lastKnownFileType = sourcecode.swift; path = "UITableView+RegisterCell.swift"; sourceTree = "<group>"; };
		766D471924B5BC8E00CC87CA /* OCRResultViewController.swift */ = {isa = PBXFileReference; lastKnownFileType = sourcecode.swift; path = OCRResultViewController.swift; sourceTree = "<group>"; };
		766D471B24B5C86400CC87CA /* ProgressView.swift */ = {isa = PBXFileReference; lastKnownFileType = sourcecode.swift; path = ProgressView.swift; sourceTree = "<group>"; };
		7688F6FB24B528730092E867 /* VisionReader.swift */ = {isa = PBXFileReference; lastKnownFileType = sourcecode.swift; path = VisionReader.swift; sourceTree = "<group>"; };
		76BF77BC24B87FB4002D1426 /* CaptureViewController.swift */ = {isa = PBXFileReference; lastKnownFileType = sourcecode.swift; path = CaptureViewController.swift; sourceTree = "<group>"; };
		76BF77BE24B88064002D1426 /* CaptureViewController.storyboard */ = {isa = PBXFileReference; lastKnownFileType = file.storyboard; path = CaptureViewController.storyboard; sourceTree = "<group>"; };
		76BF77C024B88E16002D1426 /* CaptureManager.swift */ = {isa = PBXFileReference; lastKnownFileType = sourcecode.swift; path = CaptureManager.swift; sourceTree = "<group>"; };
		76BF77C224B88E50002D1426 /* ImageProcessor.swift */ = {isa = PBXFileReference; lastKnownFileType = sourcecode.swift; path = ImageProcessor.swift; sourceTree = "<group>"; };
		76BF77C524B89AAB002D1426 /* OCRViewController.swift */ = {isa = PBXFileReference; lastKnownFileType = sourcecode.swift; path = OCRViewController.swift; sourceTree = "<group>"; };
		76BF77C724B89B5C002D1426 /* OCRViewController.storyboard */ = {isa = PBXFileReference; lastKnownFileType = file.storyboard; path = OCRViewController.storyboard; sourceTree = "<group>"; };
		76C3294324B7954200A98FF5 /* OCRResultViewController.storyboard */ = {isa = PBXFileReference; fileEncoding = 4; lastKnownFileType = file.storyboard; path = OCRResultViewController.storyboard; sourceTree = "<group>"; };
		76C3294524B85D7600A98FF5 /* Documents.storyboard */ = {isa = PBXFileReference; fileEncoding = 4; lastKnownFileType = file.storyboard; path = Documents.storyboard; sourceTree = "<group>"; };
		76C3294724B85DE100A98FF5 /* ScanCollectionViewCell.swift */ = {isa = PBXFileReference; lastKnownFileType = sourcecode.swift; path = ScanCollectionViewCell.swift; sourceTree = "<group>"; };
		76C3294824B85DE100A98FF5 /* ScanCollectionViewCell.xib */ = {isa = PBXFileReference; lastKnownFileType = file.xib; path = ScanCollectionViewCell.xib; sourceTree = "<group>"; };
		76C3294D24B85EF500A98FF5 /* UICollectionView+RegisterCell.swift */ = {isa = PBXFileReference; lastKnownFileType = sourcecode.swift; path = "UICollectionView+RegisterCell.swift"; sourceTree = "<group>"; };
		76DFFA6824B8DF36009E3630 /* PreviewView.swift */ = {isa = PBXFileReference; lastKnownFileType = sourcecode.swift; path = PreviewView.swift; sourceTree = "<group>"; };
		76FF910124B9097D00F39A01 /* TabBarController.swift */ = {isa = PBXFileReference; lastKnownFileType = sourcecode.swift; path = TabBarController.swift; sourceTree = "<group>"; };
		76FF910324B909AB00F39A01 /* TabBar.storyboard */ = {isa = PBXFileReference; lastKnownFileType = file.storyboard; path = TabBar.storyboard; sourceTree = "<group>"; };
/* End PBXFileReference section */

/* Begin PBXFrameworksBuildPhase section */
		7647C5DB24B4EB6500691856 /* Frameworks */ = {
			isa = PBXFrameworksBuildPhase;
			buildActionMask = 2147483647;
			files = (
			);
			runOnlyForDeploymentPostprocessing = 0;
		};
/* End PBXFrameworksBuildPhase section */

/* Begin PBXGroup section */
		7614912124B7945200D9799A /* Documents */ = {
			isa = PBXGroup;
			children = (
				764DAA7D24B9CC0000E153E3 /* DocumentsViewController.swift */,
				76C3294524B85D7600A98FF5 /* Documents.storyboard */,
				764DAA8124B9CD1200E153E3 /* DocumentCell */,
			);
			path = Documents;
			sourceTree = "<group>";
		};
		7614912224B7945900D9799A /* OCRResult */ = {
			isa = PBXGroup;
			children = (
				766D471924B5BC8E00CC87CA /* OCRResultViewController.swift */,
				76C3294324B7954200A98FF5 /* OCRResultViewController.storyboard */,
			);
			path = OCRResult;
			sourceTree = "<group>";
		};
		762D916B24BB5407005DA60B /* Preview */ = {
			isa = PBXGroup;
			children = (
				762D916C24BB5421005DA60B /* PreviewViewController.swift */,
				762D916E24BB542D005DA60B /* Preview.storyboard */,
			);
			path = Preview;
			sourceTree = "<group>";
		};
		764110BF24B8E42D000ADAA6 /* Models */ = {
			isa = PBXGroup;
			children = (
				764DAA7F24B9CCE000E153E3 /* Document.swift */,
				764110C024B8E43D000ADAA6 /* Scan.swift */,
			);
			path = Models;
			sourceTree = "<group>";
		};
		7647C5D524B4EB6500691856 = {
			isa = PBXGroup;
			children = (
				7647C5E024B4EB6500691856 /* AnyDoc */,
				7647C5DF24B4EB6500691856 /* Products */,
			);
			sourceTree = "<group>";
		};
		7647C5DF24B4EB6500691856 /* Products */ = {
			isa = PBXGroup;
			children = (
				7647C5DE24B4EB6500691856 /* ADoc.AI.app */,
			);
			name = Products;
			sourceTree = "<group>";
		};
		7647C5E024B4EB6500691856 /* AnyDoc */ = {
			isa = PBXGroup;
			children = (
				766D471324B5BA3E00CC87CA /* App */,
				766D471424B5BA4500CC87CA /* Modules */,
				764110BF24B8E42D000ADAA6 /* Models */,
				766D471824B5BA7A00CC87CA /* Resources */,
				76DFFA6624B8DF1E009E3630 /* Reuseables */,
				766D471524B5BA4A00CC87CA /* SupportingFiles */,
			);
			path = AnyDoc;
			sourceTree = "<group>";
		};
		764DAA7324B9C91600E153E3 /* Profile */ = {
			isa = PBXGroup;
			children = (
				764DAA7624B9C92C00E153E3 /* ProfileViewController.swift */,
				764DAA7424B9C92100E153E3 /* Profile.storyboard */,
			);
			path = Profile;
			sourceTree = "<group>";
		};
		764DAA7824B9CB3E00E153E3 /* Scans */ = {
			isa = PBXGroup;
			children = (
				7647C5E524B4EB6500691856 /* ScansViewController.swift */,
				764DAA7B24B9CBC800E153E3 /* Scans.storyboard */,
				76C3294B24B85DE400A98FF5 /* ScanCell */,
			);
			path = Scans;
			sourceTree = "<group>";
		};
		764DAA8124B9CD1200E153E3 /* DocumentCell */ = {
			isa = PBXGroup;
			children = (
				764DAA8224B9CD2C00E153E3 /* DocumentTableViewCell.swift */,
				764DAA8324B9CD2C00E153E3 /* DocumentTableViewCell.xib */,
			);
			path = DocumentCell;
			sourceTree = "<group>";
		};
		766D471324B5BA3E00CC87CA /* App */ = {
			isa = PBXGroup;
			children = (
				7647C5E124B4EB6500691856 /* AppDelegate.swift */,
				7647C5E324B4EB6500691856 /* SceneDelegate.swift */,
			);
			path = App;
			sourceTree = "<group>";
		};
		766D471424B5BA4500CC87CA /* Modules */ = {
			isa = PBXGroup;
			children = (
				76FF910024B9097200F39A01 /* TabBar */,
				7614912124B7945200D9799A /* Documents */,
				764DAA7824B9CB3E00E153E3 /* Scans */,
				762D916B24BB5407005DA60B /* Preview */,
				76BF77BB24B87F9F002D1426 /* Capture */,
				76BF77C424B89A95002D1426 /* OCR */,
				7614912224B7945900D9799A /* OCRResult */,
				764DAA7324B9C91600E153E3 /* Profile */,
			);
			path = Modules;
			sourceTree = "<group>";
		};
		766D471524B5BA4A00CC87CA /* SupportingFiles */ = {
			isa = PBXGroup;
			children = (
				7647C5EC24B4EB6A00691856 /* LaunchScreen.storyboard */,
				7647C5EF24B4EB6A00691856 /* Info.plist */,
			);
			path = SupportingFiles;
			sourceTree = "<group>";
		};
		766D471624B5BA6000CC87CA /* Helpers */ = {
			isa = PBXGroup;
			children = (
				7647C5F524B4EDCC00691856 /* ImagePicker.swift */,
				7688F6FB24B528730092E867 /* VisionReader.swift */,
				766D471B24B5C86400CC87CA /* ProgressView.swift */,
				76BF77C024B88E16002D1426 /* CaptureManager.swift */,
				76BF77C224B88E50002D1426 /* ImageProcessor.swift */,
			);
			path = Helpers;
			sourceTree = "<group>";
		};
		766D471824B5BA7A00CC87CA /* Resources */ = {
			isa = PBXGroup;
			children = (
				7647C5EA24B4EB6A00691856 /* Assets.xcassets */,
			);
			path = Resources;
			sourceTree = "<group>";
		};
		76BF77BB24B87F9F002D1426 /* Capture */ = {
			isa = PBXGroup;
			children = (
				76BF77BC24B87FB4002D1426 /* CaptureViewController.swift */,
				76BF77BE24B88064002D1426 /* CaptureViewController.storyboard */,
			);
			path = Capture;
			sourceTree = "<group>";
		};
		76BF77C424B89A95002D1426 /* OCR */ = {
			isa = PBXGroup;
			children = (
				76BF77C524B89AAB002D1426 /* OCRViewController.swift */,
				76BF77C724B89B5C002D1426 /* OCRViewController.storyboard */,
			);
			path = OCR;
			sourceTree = "<group>";
		};
		76C3294B24B85DE400A98FF5 /* ScanCell */ = {
			isa = PBXGroup;
			children = (
				76C3294724B85DE100A98FF5 /* ScanCollectionViewCell.swift */,
				76C3294824B85DE100A98FF5 /* ScanCollectionViewCell.xib */,
			);
			path = ScanCell;
			sourceTree = "<group>";
		};
		76C3294C24B85ED700A98FF5 /* Extensions */ = {
			isa = PBXGroup;
			children = (
				76C3294D24B85EF500A98FF5 /* UICollectionView+RegisterCell.swift */,
				764DAA8624B9CD4600E153E3 /* UITableView+RegisterCell.swift */,
			);
			path = Extensions;
			sourceTree = "<group>";
		};
		76DFFA6624B8DF1E009E3630 /* Reuseables */ = {
			isa = PBXGroup;
			children = (
				76DFFA6724B8DF2C009E3630 /* Components */,
				766D471624B5BA6000CC87CA /* Helpers */,
				76C3294C24B85ED700A98FF5 /* Extensions */,
			);
			path = Reuseables;
			sourceTree = "<group>";
		};
		76DFFA6724B8DF2C009E3630 /* Components */ = {
			isa = PBXGroup;
			children = (
				76DFFA6824B8DF36009E3630 /* PreviewView.swift */,
			);
			path = Components;
			sourceTree = "<group>";
		};
		76FF910024B9097200F39A01 /* TabBar */ = {
			isa = PBXGroup;
			children = (
				76FF910124B9097D00F39A01 /* TabBarController.swift */,
				76FF910324B909AB00F39A01 /* TabBar.storyboard */,
			);
			path = TabBar;
			sourceTree = "<group>";
		};
/* End PBXGroup section */

/* Begin PBXNativeTarget section */
		7647C5DD24B4EB6500691856 /* AnyDoc */ = {
			isa = PBXNativeTarget;
			buildConfigurationList = 7647C5F224B4EB6A00691856 /* Build configuration list for PBXNativeTarget "AnyDoc" */;
			buildPhases = (
				7647C5DA24B4EB6500691856 /* Sources */,
				7647C5DB24B4EB6500691856 /* Frameworks */,
				7647C5DC24B4EB6500691856 /* Resources */,
			);
			buildRules = (
			);
			dependencies = (
			);
			name = AnyDoc;
			productName = AnyDoc;
			productReference = 7647C5DE24B4EB6500691856 /* ADoc.AI.app */;
			productType = "com.apple.product-type.application";
		};
/* End PBXNativeTarget section */

/* Begin PBXProject section */
		7647C5D624B4EB6500691856 /* Project object */ = {
			isa = PBXProject;
			attributes = {
				LastSwiftUpdateCheck = 1140;
				LastUpgradeCheck = 1140;
				ORGANIZATIONNAME = "Ahmed Fathi";
				TargetAttributes = {
					7647C5DD24B4EB6500691856 = {
						CreatedOnToolsVersion = 11.4.1;
					};
				};
			};
			buildConfigurationList = 7647C5D924B4EB6500691856 /* Build configuration list for PBXProject "AnyDoc" */;
			compatibilityVersion = "Xcode 9.3";
			developmentRegion = en;
			hasScannedForEncodings = 0;
			knownRegions = (
				en,
				Base,
			);
			mainGroup = 7647C5D524B4EB6500691856;
			productRefGroup = 7647C5DF24B4EB6500691856 /* Products */;
			projectDirPath = "";
			projectRoot = "";
			targets = (
				7647C5DD24B4EB6500691856 /* AnyDoc */,
			);
		};
/* End PBXProject section */

/* Begin PBXResourcesBuildPhase section */
		7647C5DC24B4EB6500691856 /* Resources */ = {
			isa = PBXResourcesBuildPhase;
			buildActionMask = 2147483647;
			files = (
				7647C5EE24B4EB6A00691856 /* LaunchScreen.storyboard in Resources */,
				7647C5EB24B4EB6A00691856 /* Assets.xcassets in Resources */,
				764DAA7C24B9CBC800E153E3 /* Scans.storyboard in Resources */,
				76BF77BF24B88064002D1426 /* CaptureViewController.storyboard in Resources */,
				76C3294A24B85DE100A98FF5 /* ScanCollectionViewCell.xib in Resources */,
				76FF910424B909AB00F39A01 /* TabBar.storyboard in Resources */,
				76BF77C824B89B5C002D1426 /* OCRViewController.storyboard in Resources */,
				764DAA8524B9CD2C00E153E3 /* DocumentTableViewCell.xib in Resources */,
				764DAA7524B9C92100E153E3 /* Profile.storyboard in Resources */,
				76C3294424B7954200A98FF5 /* OCRResultViewController.storyboard in Resources */,
				76C3294624B85D7600A98FF5 /* Documents.storyboard in Resources */,
				762D916F24BB542D005DA60B /* Preview.storyboard in Resources */,
			);
			runOnlyForDeploymentPostprocessing = 0;
		};
/* End PBXResourcesBuildPhase section */

/* Begin PBXSourcesBuildPhase section */
		7647C5DA24B4EB6500691856 /* Sources */ = {
			isa = PBXSourcesBuildPhase;
			buildActionMask = 2147483647;
			files = (
				76C3294924B85DE100A98FF5 /* ScanCollectionViewCell.swift in Sources */,
				76FF910224B9097D00F39A01 /* TabBarController.swift in Sources */,
				7647C5E624B4EB6500691856 /* ScansViewController.swift in Sources */,
				764DAA8724B9CD4600E153E3 /* UITableView+RegisterCell.swift in Sources */,
				76BF77C624B89AAB002D1426 /* OCRViewController.swift in Sources */,
				76BF77C124B88E16002D1426 /* CaptureManager.swift in Sources */,
				7688F6FC24B528730092E867 /* VisionReader.swift in Sources */,
				76BF77BD24B87FB4002D1426 /* CaptureViewController.swift in Sources */,
				764DAA7724B9C92C00E153E3 /* ProfileViewController.swift in Sources */,
				76BF77C324B88E50002D1426 /* ImageProcessor.swift in Sources */,
				764110C124B8E43D000ADAA6 /* Scan.swift in Sources */,
				7647C5F624B4EDCC00691856 /* ImagePicker.swift in Sources */,
				7647C5E224B4EB6500691856 /* AppDelegate.swift in Sources */,
				76DFFA6924B8DF36009E3630 /* PreviewView.swift in Sources */,
				766D471C24B5C86400CC87CA /* ProgressView.swift in Sources */,
				762D916D24BB5421005DA60B /* PreviewViewController.swift in Sources */,
				7647C5E424B4EB6500691856 /* SceneDelegate.swift in Sources */,
				764DAA7E24B9CC0000E153E3 /* DocumentsViewController.swift in Sources */,
				764DAA8424B9CD2C00E153E3 /* DocumentTableViewCell.swift in Sources */,
				766D471A24B5BC8E00CC87CA /* OCRResultViewController.swift in Sources */,
				76C3294E24B85EF500A98FF5 /* UICollectionView+RegisterCell.swift in Sources */,
				764DAA8024B9CCE000E153E3 /* Document.swift in Sources */,
			);
			runOnlyForDeploymentPostprocessing = 0;
		};
/* End PBXSourcesBuildPhase section */

/* Begin PBXVariantGroup section */
		7647C5EC24B4EB6A00691856 /* LaunchScreen.storyboard */ = {
			isa = PBXVariantGroup;
			children = (
				7647C5ED24B4EB6A00691856 /* Base */,
			);
			name = LaunchScreen.storyboard;
			sourceTree = "<group>";
		};
/* End PBXVariantGroup section */

/* Begin XCBuildConfiguration section */
		7647C5F024B4EB6A00691856 /* Debug */ = {
			isa = XCBuildConfiguration;
			buildSettings = {
				ALWAYS_SEARCH_USER_PATHS = NO;
				CLANG_ANALYZER_NONNULL = YES;
				CLANG_ANALYZER_NUMBER_OBJECT_CONVERSION = YES_AGGRESSIVE;
				CLANG_CXX_LANGUAGE_STANDARD = "gnu++14";
				CLANG_CXX_LIBRARY = "libc++";
				CLANG_ENABLE_MODULES = YES;
				CLANG_ENABLE_OBJC_ARC = YES;
				CLANG_ENABLE_OBJC_WEAK = YES;
				CLANG_WARN_BLOCK_CAPTURE_AUTORELEASING = YES;
				CLANG_WARN_BOOL_CONVERSION = YES;
				CLANG_WARN_COMMA = YES;
				CLANG_WARN_CONSTANT_CONVERSION = YES;
				CLANG_WARN_DEPRECATED_OBJC_IMPLEMENTATIONS = YES;
				CLANG_WARN_DIRECT_OBJC_ISA_USAGE = YES_ERROR;
				CLANG_WARN_DOCUMENTATION_COMMENTS = YES;
				CLANG_WARN_EMPTY_BODY = YES;
				CLANG_WARN_ENUM_CONVERSION = YES;
				CLANG_WARN_INFINITE_RECURSION = YES;
				CLANG_WARN_INT_CONVERSION = YES;
				CLANG_WARN_NON_LITERAL_NULL_CONVERSION = YES;
				CLANG_WARN_OBJC_IMPLICIT_RETAIN_SELF = YES;
				CLANG_WARN_OBJC_LITERAL_CONVERSION = YES;
				CLANG_WARN_OBJC_ROOT_CLASS = YES_ERROR;
				CLANG_WARN_RANGE_LOOP_ANALYSIS = YES;
				CLANG_WARN_STRICT_PROTOTYPES = YES;
				CLANG_WARN_SUSPICIOUS_MOVE = YES;
				CLANG_WARN_UNGUARDED_AVAILABILITY = YES_AGGRESSIVE;
				CLANG_WARN_UNREACHABLE_CODE = YES;
				CLANG_WARN__DUPLICATE_METHOD_MATCH = YES;
				COPY_PHASE_STRIP = NO;
				DEBUG_INFORMATION_FORMAT = dwarf;
				ENABLE_STRICT_OBJC_MSGSEND = YES;
				ENABLE_TESTABILITY = YES;
				GCC_C_LANGUAGE_STANDARD = gnu11;
				GCC_DYNAMIC_NO_PIC = NO;
				GCC_NO_COMMON_BLOCKS = YES;
				GCC_OPTIMIZATION_LEVEL = 0;
				GCC_PREPROCESSOR_DEFINITIONS = (
					"DEBUG=1",
					"$(inherited)",
				);
				GCC_WARN_64_TO_32_BIT_CONVERSION = YES;
				GCC_WARN_ABOUT_RETURN_TYPE = YES_ERROR;
				GCC_WARN_UNDECLARED_SELECTOR = YES;
				GCC_WARN_UNINITIALIZED_AUTOS = YES_AGGRESSIVE;
				GCC_WARN_UNUSED_FUNCTION = YES;
				GCC_WARN_UNUSED_VARIABLE = YES;
				IPHONEOS_DEPLOYMENT_TARGET = 13.4;
				MTL_ENABLE_DEBUG_INFO = INCLUDE_SOURCE;
				MTL_FAST_MATH = YES;
				ONLY_ACTIVE_ARCH = YES;
				SDKROOT = iphoneos;
				SWIFT_ACTIVE_COMPILATION_CONDITIONS = DEBUG;
				SWIFT_OPTIMIZATION_LEVEL = "-Onone";
			};
			name = Debug;
		};
		7647C5F124B4EB6A00691856 /* Release */ = {
			isa = XCBuildConfiguration;
			buildSettings = {
				ALWAYS_SEARCH_USER_PATHS = NO;
				CLANG_ANALYZER_NONNULL = YES;
				CLANG_ANALYZER_NUMBER_OBJECT_CONVERSION = YES_AGGRESSIVE;
				CLANG_CXX_LANGUAGE_STANDARD = "gnu++14";
				CLANG_CXX_LIBRARY = "libc++";
				CLANG_ENABLE_MODULES = YES;
				CLANG_ENABLE_OBJC_ARC = YES;
				CLANG_ENABLE_OBJC_WEAK = YES;
				CLANG_WARN_BLOCK_CAPTURE_AUTORELEASING = YES;
				CLANG_WARN_BOOL_CONVERSION = YES;
				CLANG_WARN_COMMA = YES;
				CLANG_WARN_CONSTANT_CONVERSION = YES;
				CLANG_WARN_DEPRECATED_OBJC_IMPLEMENTATIONS = YES;
				CLANG_WARN_DIRECT_OBJC_ISA_USAGE = YES_ERROR;
				CLANG_WARN_DOCUMENTATION_COMMENTS = YES;
				CLANG_WARN_EMPTY_BODY = YES;
				CLANG_WARN_ENUM_CONVERSION = YES;
				CLANG_WARN_INFINITE_RECURSION = YES;
				CLANG_WARN_INT_CONVERSION = YES;
				CLANG_WARN_NON_LITERAL_NULL_CONVERSION = YES;
				CLANG_WARN_OBJC_IMPLICIT_RETAIN_SELF = YES;
				CLANG_WARN_OBJC_LITERAL_CONVERSION = YES;
				CLANG_WARN_OBJC_ROOT_CLASS = YES_ERROR;
				CLANG_WARN_RANGE_LOOP_ANALYSIS = YES;
				CLANG_WARN_STRICT_PROTOTYPES = YES;
				CLANG_WARN_SUSPICIOUS_MOVE = YES;
				CLANG_WARN_UNGUARDED_AVAILABILITY = YES_AGGRESSIVE;
				CLANG_WARN_UNREACHABLE_CODE = YES;
				CLANG_WARN__DUPLICATE_METHOD_MATCH = YES;
				COPY_PHASE_STRIP = NO;
				DEBUG_INFORMATION_FORMAT = "dwarf-with-dsym";
				ENABLE_NS_ASSERTIONS = NO;
				ENABLE_STRICT_OBJC_MSGSEND = YES;
				GCC_C_LANGUAGE_STANDARD = gnu11;
				GCC_NO_COMMON_BLOCKS = YES;
				GCC_WARN_64_TO_32_BIT_CONVERSION = YES;
				GCC_WARN_ABOUT_RETURN_TYPE = YES_ERROR;
				GCC_WARN_UNDECLARED_SELECTOR = YES;
				GCC_WARN_UNINITIALIZED_AUTOS = YES_AGGRESSIVE;
				GCC_WARN_UNUSED_FUNCTION = YES;
				GCC_WARN_UNUSED_VARIABLE = YES;
				IPHONEOS_DEPLOYMENT_TARGET = 13.4;
				MTL_ENABLE_DEBUG_INFO = NO;
				MTL_FAST_MATH = YES;
				SDKROOT = iphoneos;
				SWIFT_COMPILATION_MODE = wholemodule;
				SWIFT_OPTIMIZATION_LEVEL = "-O";
				VALIDATE_PRODUCT = YES;
			};
			name = Release;
		};
		7647C5F324B4EB6A00691856 /* Debug */ = {
			isa = XCBuildConfiguration;
			buildSettings = {
				ASSETCATALOG_COMPILER_APPICON_NAME = AppIcon;
				CODE_SIGN_STYLE = Automatic;
				DEVELOPMENT_TEAM = ERCG8ZPCT3;
				INFOPLIST_FILE = "$(SRCROOT)/AnyDoc/SupportingFiles/Info.plist";
				LD_RUNPATH_SEARCH_PATHS = (
					"$(inherited)",
					"@executable_path/Frameworks",
				);
				PRODUCT_BUNDLE_IDENTIFIER = com.fathi.magic;
				PRODUCT_NAME = ADoc.AI;
				SWIFT_VERSION = 5.0;
				TARGETED_DEVICE_FAMILY = 1;
			};
			name = Debug;
		};
		7647C5F424B4EB6A00691856 /* Release */ = {
			isa = XCBuildConfiguration;
			buildSettings = {
				ASSETCATALOG_COMPILER_APPICON_NAME = AppIcon;
				CODE_SIGN_STYLE = Automatic;
				DEVELOPMENT_TEAM = ERCG8ZPCT3;
				INFOPLIST_FILE = "$(SRCROOT)/AnyDoc/SupportingFiles/Info.plist";
				LD_RUNPATH_SEARCH_PATHS = (
					"$(inherited)",
					"@executable_path/Frameworks",
				);
				PRODUCT_BUNDLE_IDENTIFIER = com.fathi.magic;
				PRODUCT_NAME = ADoc.AI;
				SWIFT_VERSION = 5.0;
				TARGETED_DEVICE_FAMILY = 1;
			};
			name = Release;
		};
/* End XCBuildConfiguration section */

/* Begin XCConfigurationList section */
		7647C5D924B4EB6500691856 /* Build configuration list for PBXProject "AnyDoc" */ = {
			isa = XCConfigurationList;
			buildConfigurations = (
				7647C5F024B4EB6A00691856 /* Debug */,
				7647C5F124B4EB6A00691856 /* Release */,
			);
			defaultConfigurationIsVisible = 0;
			defaultConfigurationName = Release;
		};
		7647C5F224B4EB6A00691856 /* Build configuration list for PBXNativeTarget "AnyDoc" */ = {
			isa = XCConfigurationList;
			buildConfigurations = (
				7647C5F324B4EB6A00691856 /* Debug */,
				7647C5F424B4EB6A00691856 /* Release */,
			);
			defaultConfigurationIsVisible = 0;
			defaultConfigurationName = Release;
		};
/* End XCConfigurationList section */
	};
	rootObject = 7647C5D624B4EB6500691856 /* Project object */;
}
