// !$*UTF8*$!
{
	archiveVersion = 1;
	classes = {
	};
	objectVersion = 50;
	objects = {

/* Begin PBXBuildFile section */
		7647C5E224B4EB6500691856 /* AppDelegate.swift in Sources */ = {isa = PBXBuildFile; fileRef = 7647C5E124B4EB6500691856 /* AppDelegate.swift */; };
		7647C5E424B4EB6500691856 /* SceneDelegate.swift in Sources */ = {isa = PBXBuildFile; fileRef = 7647C5E324B4EB6500691856 /* SceneDelegate.swift */; };
		7647C5E624B4EB6500691856 /* ViewController.swift in Sources */ = {isa = PBXBuildFile; fileRef = 7647C5E524B4EB6500691856 /* ViewController.swift */; };
		7647C5E924B4EB6500691856 /* Main.storyboard in Resources */ = {isa = PBXBuildFile; fileRef = 7647C5E724B4EB6500691856 /* Main.storyboard */; };
		7647C5EB24B4EB6A00691856 /* Assets.xcassets in Resources */ = {isa = PBXBuildFile; fileRef = 7647C5EA24B4EB6A00691856 /* Assets.xcassets */; };
		7647C5EE24B4EB6A00691856 /* LaunchScreen.storyboard in Resources */ = {isa = PBXBuildFile; fileRef = 7647C5EC24B4EB6A00691856 /* LaunchScreen.storyboard */; };
/* End PBXBuildFile section */

/* Begin PBXFileReference section */
		7647C5DE24B4EB6500691856 /* AnyDoc.app */ = {isa = PBXFileReference; explicitFileType = wrapper.application; includeInIndex = 0; path = AnyDoc.app; sourceTree = BUILT_PRODUCTS_DIR; };
		7647C5E124B4EB6500691856 /* AppDelegate.swift */ = {isa = PBXFileReference; lastKnownFileType = sourcecode.swift; path = AppDelegate.swift; sourceTree = "<group>"; };
		7647C5E324B4EB6500691856 /* SceneDelegate.swift */ = {isa = PBXFileReference; lastKnownFileType = sourcecode.swift; path = SceneDelegate.swift; sourceTree = "<group>"; };
		7647C5E524B4EB6500691856 /* ViewController.swift */ = {isa = PBXFileReference; lastKnownFileType = sourcecode.swift; path = ViewController.swift; sourceTree = "<group>"; };
		7647C5E824B4EB6500691856 /* Base */ = {isa = PBXFileReference; lastKnownFileType = file.storyboard; name = Base; path = Base.lproj/Main.storyboard; sourceTree = "<group>"; };
		7647C5EA24B4EB6A00691856 /* Assets.xcassets */ = {isa = PBXFileReference; lastKnownFileType = folder.assetcatalog; path = Assets.xcassets; sourceTree = "<group>"; };
		7647C5ED24B4EB6A00691856 /* Base */ = {isa = PBXFileReference; lastKnownFileType = file.storyboard; name = Base; path = Base.lproj/LaunchScreen.storyboard; sourceTree = "<group>"; };
		7647C5EF24B4EB6A00691856 /* Info.plist */ = {isa = PBXFileReference; lastKnownFileType = text.plist.xml; path = Info.plist; sourceTree = "<group>"; };
/* End PBXFileReference section */

/* Begin PBXFrameworksBuildPhase section */
		7647C5DB24B4EB6500691856 /* Frameworks */ = {
			isa = PBXFrameworksBuildPhase;
			buildActionMask = 2147483647;
			files = (
			);
			runOnlyForDeploymentPostprocessing = 0;
		};
/* End PBXFrameworksBuildPhase section */

/* Begin PBXGroup section */
		7647C5D524B4EB6500691856 = {
			isa = PBXGroup;
			children = (
				7647C5E024B4EB6500691856 /* AnyDoc */,
				7647C5DF24B4EB6500691856 /* Products */,
			);
			sourceTree = "<group>";
		};
		7647C5DF24B4EB6500691856 /* Products */ = {
			isa = PBXGroup;
			children = (
				7647C5DE24B4EB6500691856 /* AnyDoc.app */,
			);
			name = Products;
			sourceTree = "<group>";
		};
		7647C5E024B4EB6500691856 /* AnyDoc */ = {
			isa = PBXGroup;
			children = (
				7647C5E124B4EB6500691856 /* AppDelegate.swift */,
				7647C5E324B4EB6500691856 /* SceneDelegate.swift */,
				7647C5E524B4EB6500691856 /* ViewController.swift */,
				7647C5E724B4EB6500691856 /* Main.storyboard */,
				7647C5EA24B4EB6A00691856 /* Assets.xcassets */,
				7647C5EC24B4EB6A00691856 /* LaunchScreen.storyboard */,
				7647C5EF24B4EB6A00691856 /* Info.plist */,
			);
			path = AnyDoc;
			sourceTree = "<group>";
		};
/* End PBXGroup section */

/* Begin PBXNativeTarget section */
		7647C5DD24B4EB6500691856 /* AnyDoc */ = {
			isa = PBXNativeTarget;
			buildConfigurationList = 7647C5F224B4EB6A00691856 /* Build configuration list for PBXNativeTarget "AnyDoc" */;
			buildPhases = (
				7647C5DA24B4EB6500691856 /* Sources */,
				7647C5DB24B4EB6500691856 /* Frameworks */,
				7647C5DC24B4EB6500691856 /* Resources */,
			);
			buildRules = (
			);
			dependencies = (
			);
			name = AnyDoc;
			productName = AnyDoc;
			productReference = 7647C5DE24B4EB6500691856 /* AnyDoc.app */;
			productType = "com.apple.product-type.application";
		};
/* End PBXNativeTarget section */

/* Begin PBXProject section */
		7647C5D624B4EB6500691856 /* Project object */ = {
			isa = PBXProject;
			attributes = {
				LastSwiftUpdateCheck = 1140;
				LastUpgradeCheck = 1140;
				ORGANIZATIONNAME = "Ahmed Fathi";
				TargetAttributes = {
					7647C5DD24B4EB6500691856 = {
						CreatedOnToolsVersion = 11.4.1;
					};
				};
			};
			buildConfigurationList = 7647C5D924B4EB6500691856 /* Build configuration list for PBXProject "AnyDoc" */;
			compatibilityVersion = "Xcode 9.3";
			developmentRegion = en;
			hasScannedForEncodings = 0;
			knownRegions = (
				en,
				Base,
			);
			mainGroup = 7647C5D524B4EB6500691856;
			productRefGroup = 7647C5DF24B4EB6500691856 /* Products */;
			projectDirPath = "";
			projectRoot = "";
			targets = (
				7647C5DD24B4EB6500691856 /* AnyDoc */,
			);
		};
/* End PBXProject section */

/* Begin PBXResourcesBuildPhase section */
		7647C5DC24B4EB6500691856 /* Resources */ = {
			isa = PBXResourcesBuildPhase;
			buildActionMask = 2147483647;
			files = (
				7647C5EE24B4EB6A00691856 /* LaunchScreen.storyboard in Resources */,
				7647C5EB24B4EB6A00691856 /* Assets.xcassets in Resources */,
				7647C5E924B4EB6500691856 /* Main.storyboard in Resources */,
			);
			runOnlyForDeploymentPostprocessing = 0;
		};
/* End PBXResourcesBuildPhase section */

/* Begin PBXSourcesBuildPhase section */
		7647C5DA24B4EB6500691856 /* Sources */ = {
			isa = PBXSourcesBuildPhase;
			buildActionMask = 2147483647;
			files = (
				7647C5E624B4EB6500691856 /* ViewController.swift in Sources */,
				7647C5E224B4EB6500691856 /* AppDelegate.swift in Sources */,
				7647C5E424B4EB6500691856 /* SceneDelegate.swift in Sources */,
			);
			runOnlyForDeploymentPostprocessing = 0;
		};
/* End PBXSourcesBuildPhase section */

/* Begin PBXVariantGroup section */
		7647C5E724B4EB6500691856 /* Main.storyboard */ = {
			isa = PBXVariantGroup;
			children = (
				7647C5E824B4EB6500691856 /* Base */,
			);
			name = Main.storyboard;
			sourceTree = "<group>";
		};
		7647C5EC24B4EB6A00691856 /* LaunchScreen.storyboard */ = {
			isa = PBXVariantGroup;
			children = (
				7647C5ED24B4EB6A00691856 /* Base */,
			);
			name = LaunchScreen.storyboard;
			sourceTree = "<group>";
		};
/* End PBXVariantGroup section */

/* Begin XCBuildConfiguration section */
		7647C5F024B4EB6A00691856 /* Debug */ = {
			isa = XCBuildConfiguration;
			buildSettings = {
				ALWAYS_SEARCH_USER_PATHS = NO;
				CLANG_ANALYZER_NONNULL = YES;
				CLANG_ANALYZER_NUMBER_OBJECT_CONVERSION = YES_AGGRESSIVE;
				CLANG_CXX_LANGUAGE_STANDARD = "gnu++14";
				CLANG_CXX_LIBRARY = "libc++";
				CLANG_ENABLE_MODULES = YES;
				CLANG_ENABLE_OBJC_ARC = YES;
				CLANG_ENABLE_OBJC_WEAK = YES;
				CLANG_WARN_BLOCK_CAPTURE_AUTORELEASING = YES;
				CLANG_WARN_BOOL_CONVERSION = YES;
				CLANG_WARN_COMMA = YES;
				CLANG_WARN_CONSTANT_CONVERSION = YES;
				CLANG_WARN_DEPRECATED_OBJC_IMPLEMENTATIONS = YES;
				CLANG_WARN_DIRECT_OBJC_ISA_USAGE = YES_ERROR;
				CLANG_WARN_DOCUMENTATION_COMMENTS = YES;
				CLANG_WARN_EMPTY_BODY = YES;
				CLANG_WARN_ENUM_CONVERSION = YES;
				CLANG_WARN_INFINITE_RECURSION = YES;
				CLANG_WARN_INT_CONVERSION = YES;
				CLANG_WARN_NON_LITERAL_NULL_CONVERSION = YES;
				CLANG_WARN_OBJC_IMPLICIT_RETAIN_SELF = YES;
				CLANG_WARN_OBJC_LITERAL_CONVERSION = YES;
				CLANG_WARN_OBJC_ROOT_CLASS = YES_ERROR;
				CLANG_WARN_RANGE_LOOP_ANALYSIS = YES;
				CLANG_WARN_STRICT_PROTOTYPES = YES;
				CLANG_WARN_SUSPICIOUS_MOVE = YES;
				CLANG_WARN_UNGUARDED_AVAILABILITY = YES_AGGRESSIVE;
				CLANG_WARN_UNREACHABLE_CODE = YES;
				CLANG_WARN__DUPLICATE_METHOD_MATCH = YES;
				COPY_PHASE_STRIP = NO;
				DEBUG_INFORMATION_FORMAT = dwarf;
				ENABLE_STRICT_OBJC_MSGSEND = YES;
				ENABLE_TESTABILITY = YES;
				GCC_C_LANGUAGE_STANDARD = gnu11;
				GCC_DYNAMIC_NO_PIC = NO;
				GCC_NO_COMMON_BLOCKS = YES;
				GCC_OPTIMIZATION_LEVEL = 0;
				GCC_PREPROCESSOR_DEFINITIONS = (
					"DEBUG=1",
					"$(inherited)",
				);
				GCC_WARN_64_TO_32_BIT_CONVERSION = YES;
				GCC_WARN_ABOUT_RETURN_TYPE = YES_ERROR;
				GCC_WARN_UNDECLARED_SELECTOR = YES;
				GCC_WARN_UNINITIALIZED_AUTOS = YES_AGGRESSIVE;
				GCC_WARN_UNUSED_FUNCTION = YES;
				GCC_WARN_UNUSED_VARIABLE = YES;
				IPHONEOS_DEPLOYMENT_TARGET = 13.4;
				MTL_ENABLE_DEBUG_INFO = INCLUDE_SOURCE;
				MTL_FAST_MATH = YES;
				ONLY_ACTIVE_ARCH = YES;
				SDKROOT = iphoneos;
				SWIFT_ACTIVE_COMPILATION_CONDITIONS = DEBUG;
				SWIFT_OPTIMIZATION_LEVEL = "-Onone";
			};
			name = Debug;
		};
		7647C5F124B4EB6A00691856 /* Release */ = {
			isa = XCBuildConfiguration;
			buildSettings = {
				ALWAYS_SEARCH_USER_PATHS = NO;
				CLANG_ANALYZER_NONNULL = YES;
				CLANG_ANALYZER_NUMBER_OBJECT_CONVERSION = YES_AGGRESSIVE;
				CLANG_CXX_LANGUAGE_STANDARD = "gnu++14";
				CLANG_CXX_LIBRARY = "libc++";
				CLANG_ENABLE_MODULES = YES;
				CLANG_ENABLE_OBJC_ARC = YES;
				CLANG_ENABLE_OBJC_WEAK = YES;
				CLANG_WARN_BLOCK_CAPTURE_AUTORELEASING = YES;
				CLANG_WARN_BOOL_CONVERSION = YES;
				CLANG_WARN_COMMA = YES;
				CLANG_WARN_CONSTANT_CONVERSION = YES;
				CLANG_WARN_DEPRECATED_OBJC_IMPLEMENTATIONS = YES;
				CLANG_WARN_DIRECT_OBJC_ISA_USAGE = YES_ERROR;
				CLANG_WARN_DOCUMENTATION_COMMENTS = YES;
				CLANG_WARN_EMPTY_BODY = YES;
				CLANG_WARN_ENUM_CONVERSION = YES;
				CLANG_WARN_INFINITE_RECURSION = YES;
				CLANG_WARN_INT_CONVERSION = YES;
				CLANG_WARN_NON_LITERAL_NULL_CONVERSION = YES;
				CLANG_WARN_OBJC_IMPLICIT_RETAIN_SELF = YES;
				CLANG_WARN_OBJC_LITERAL_CONVERSION = YES;
				CLANG_WARN_OBJC_ROOT_CLASS = YES_ERROR;
				CLANG_WARN_RANGE_LOOP_ANALYSIS = YES;
				CLANG_WARN_STRICT_PROTOTYPES = YES;
				CLANG_WARN_SUSPICIOUS_MOVE = YES;
				CLANG_WARN_UNGUARDED_AVAILABILITY = YES_AGGRESSIVE;
				CLANG_WARN_UNREACHABLE_CODE = YES;
				CLANG_WARN__DUPLICATE_METHOD_MATCH = YES;
				COPY_PHASE_STRIP = NO;
				DEBUG_INFORMATION_FORMAT = "dwarf-with-dsym";
				ENABLE_NS_ASSERTIONS = NO;
				ENABLE_STRICT_OBJC_MSGSEND = YES;
				GCC_C_LANGUAGE_STANDARD = gnu11;
				GCC_NO_COMMON_BLOCKS = YES;
				GCC_WARN_64_TO_32_BIT_CONVERSION = YES;
				GCC_WARN_ABOUT_RETURN_TYPE = YES_ERROR;
				GCC_WARN_UNDECLARED_SELECTOR = YES;
				GCC_WARN_UNINITIALIZED_AUTOS = YES_AGGRESSIVE;
				GCC_WARN_UNUSED_FUNCTION = YES;
				GCC_WARN_UNUSED_VARIABLE = YES;
				IPHONEOS_DEPLOYMENT_TARGET = 13.4;
				MTL_ENABLE_DEBUG_INFO = NO;
				MTL_FAST_MATH = YES;
				SDKROOT = iphoneos;
				SWIFT_COMPILATION_MODE = wholemodule;
				SWIFT_OPTIMIZATION_LEVEL = "-O";
				VALIDATE_PRODUCT = YES;
			};
			name = Release;
		};
		7647C5F324B4EB6A00691856 /* Debug */ = {
			isa = XCBuildConfiguration;
			buildSettings = {
				ASSETCATALOG_COMPILER_APPICON_NAME = AppIcon;
				CODE_SIGN_STYLE = Automatic;
				INFOPLIST_FILE = AnyDoc/Info.plist;
				LD_RUNPATH_SEARCH_PATHS = (
					"$(inherited)",
					"@executable_path/Frameworks",
				);
				PRODUCT_BUNDLE_IDENTIFIER = com.Fathi.AnyDoc;
				PRODUCT_NAME = "$(TARGET_NAME)";
				SWIFT_VERSION = 5.0;
				TARGETED_DEVICE_FAMILY = "1,2";
			};
			name = Debug;
		};
		7647C5F424B4EB6A00691856 /* Release */ = {
			isa = XCBuildConfiguration;
			buildSettings = {
				ASSETCATALOG_COMPILER_APPICON_NAME = AppIcon;
				CODE_SIGN_STYLE = Automatic;
				INFOPLIST_FILE = AnyDoc/Info.plist;
				LD_RUNPATH_SEARCH_PATHS = (
					"$(inherited)",
					"@executable_path/Frameworks",
				);
				PRODUCT_BUNDLE_IDENTIFIER = com.Fathi.AnyDoc;
				PRODUCT_NAME = "$(TARGET_NAME)";
				SWIFT_VERSION = 5.0;
				TARGETED_DEVICE_FAMILY = "1,2";
			};
			name = Release;
		};
/* End XCBuildConfiguration section */

/* Begin XCConfigurationList section */
		7647C5D924B4EB6500691856 /* Build configuration list for PBXProject "AnyDoc" */ = {
			isa = XCConfigurationList;
			buildConfigurations = (
				7647C5F024B4EB6A00691856 /* Debug */,
				7647C5F124B4EB6A00691856 /* Release */,
			);
			defaultConfigurationIsVisible = 0;
			defaultConfigurationName = Release;
		};
		7647C5F224B4EB6A00691856 /* Build configuration list for PBXNativeTarget "AnyDoc" */ = {
			isa = XCConfigurationList;
			buildConfigurations = (
				7647C5F324B4EB6A00691856 /* Debug */,
				7647C5F424B4EB6A00691856 /* Release */,
			);
			defaultConfigurationIsVisible = 0;
			defaultConfigurationName = Release;
		};
/* End XCConfigurationList section */
	};
	rootObject = 7647C5D624B4EB6500691856 /* Project object */;
}
